
Microsoft Visual Studio Solution File, Format Version 12.00
Project("{FAE04EC0-301F-11D3-BF4B-00C04F79EFBC}") = "LocationVoiture", "LocationVoiture\LocationVoiture.csproj", "{33C3A8CD-9061-4CE4-A54A-B2868745B66C}"
EndProject
Project("{FAE04EC0-301F-11D3-BF4B-00C04F79EFBC}") = "LocationVoiture.bll", "LocationVoiture.bll\LocationVoiture.bll.csproj", "{99F95B5D-21EE-4414-AFAA-2C555D8A05BC}"
EndProject
Project("{FAE04EC0-301F-11D3-BF4B-00C04F79EFBC}") = "LocationVoiture.dal", "LocationVoiture.dal\LocationVoiture.dal.csproj", "{3C2B070C-88BD-4E83-A897-540FA0C919F5}"
EndProject
Global
	GlobalSection(SolutionConfigurationPlatforms) = preSolution
		Debug|Any CPU = Debug|Any CPU
		Release|Any CPU = Release|Any CPU
	EndGlobalSection
	GlobalSection(ProjectConfigurationPlatforms) = postSolution
		{33C3A8CD-9061-4CE4-A54A-B2868745B66C}.Debug|Any CPU.ActiveCfg = Debug|Any CPU
		{33C3A8CD-9061-4CE4-A54A-B2868745B66C}.Debug|Any CPU.Build.0 = Debug|Any CPU
		{33C3A8CD-9061-4CE4-A54A-B2868745B66C}.Release|Any CPU.ActiveCfg = Release|Any CPU
		{33C3A8CD-9061-4CE4-A54A-B2868745B66C}.Release|Any CPU.Build.0 = Release|Any CPU
		{99F95B5D-21EE-4414-AFAA-2C555D8A05BC}.Debug|Any CPU.ActiveCfg = Debug|Any CPU
		{99F95B5D-21EE-4414-AFAA-2C555D8A05BC}.Debug|Any CPU.Build.0 = Debug|Any CPU
		{99F95B5D-21EE-4414-AFAA-2C555D8A05BC}.Release|Any CPU.ActiveCfg = Release|Any CPU
		{99F95B5D-21EE-4414-AFAA-2C555D8A05BC}.Release|Any CPU.Build.0 = Release|Any CPU
		{3C2B070C-88BD-4E83-A897-540FA0C919F5}.Debug|Any CPU.ActiveCfg = Debug|Any CPU
		{3C2B070C-88BD-4E83-A897-540FA0C919F5}.Debug|Any CPU.Build.0 = Debug|Any CPU
		{3C2B070C-88BD-4E83-A897-540FA0C919F5}.Release|Any CPU.ActiveCfg = Release|Any CPU
		{3C2B070C-88BD-4E83-A897-540FA0C919F5}.Release|Any CPU.Build.0 = Release|Any CPU
	EndGlobalSection
EndGlobal
